
Microsoft Visual Studio Solution File, Format Version 12.00
# Visual Studio 15
VisualStudioVersion = 15.0.28307.645
MinimumVisualStudioVersion = 10.0.40219.1
Project("{FAE04EC0-301F-11D3-BF4B-00C04F79EFBC}") = "BdOfResume", "BdOfResume\BdOfResume.csproj", "{FF4207C4-23FC-4D0B-86AD-042C1ACDD78E}"
EndProject
Global
	GlobalSection(SolutionConfigurationPlatforms) = preSolution
		Debug|Any CPU = Debug|Any CPU
		Release|Any CPU = Release|Any CPU
	EndGlobalSection
	GlobalSection(ProjectConfigurationPlatforms) = postSolution
		{FF4207C4-23FC-4D0B-86AD-042C1ACDD78E}.Debug|Any CPU.ActiveCfg = Debug|Any CPU
		{FF4207C4-23FC-4D0B-86AD-042C1ACDD78E}.Debug|Any CPU.Build.0 = Debug|Any CPU
		{FF4207C4-23FC-4D0B-86AD-042C1ACDD78E}.Release|Any CPU.ActiveCfg = Release|Any CPU
		{FF4207C4-23FC-4D0B-86AD-042C1ACDD78E}.Release|Any CPU.Build.0 = Release|Any CPU
	EndGlobalSection
	GlobalSection(SolutionProperties) = preSolution
		HideSolutionNode = FALSE
	EndGlobalSection
	GlobalSection(ExtensibilityGlobals) = postSolution
		SolutionGuid = {1A8BF887-CC39-4B1E-91D8-79AF3DA45919}
	EndGlobalSection
EndGlobal
